
Microsoft Visual Studio Solution File, Format Version 12.00
# Visual Studio Version 17
VisualStudioVersion = 17.6.33815.320
MinimumVisualStudioVersion = 10.0.40219.1
Project("{9A19103F-16F7-4668-BE54-9A1E7A4F7556}") = "MastersUAV", "MastersUAV.csproj", "{082F7A90-61EC-4FC9-A64D-D48726F02718}"
EndProject
Project("{9A19103F-16F7-4668-BE54-9A1E7A4F7556}") = "TaskGenerator", "..\TaskGenerator\TaskGenerator.csproj", "{6223D638-5A9A-4449-B9FD-2EF7F6B233B8}"
	ProjectSection(ProjectDependencies) = postProject
		{4D9F571E-5626-42A6-AAFF-7B4726AF78E2} = {4D9F571E-5626-42A6-AAFF-7B4726AF78E2}
	EndProjectSection
EndProject
Project("{9A19103F-16F7-4668-BE54-9A1E7A4F7556}") = "RouteOptimizer", "..\RouteOptimizer\RouteOptimizer.csproj", "{4D9F571E-5626-42A6-AAFF-7B4726AF78E2}"
EndProject
Project("{9A19103F-16F7-4668-BE54-9A1E7A4F7556}") = "TaskVisualizer", "..\Visualizer\TaskVisualizer.csproj", "{4D4FC435-44ED-4459-A6CD-6EF36E4E1D87}"
EndProject
Project("{FAE04EC0-301F-11D3-BF4B-00C04F79EFBC}") = "WebServer", "..\WebServer\WebServer.csproj", "{78D11D0A-DF11-43FB-ADF5-2895FC8E8714}"
EndProject
Global
	GlobalSection(SolutionConfigurationPlatforms) = preSolution
		Debug|Any CPU = Debug|Any CPU
		Release|Any CPU = Release|Any CPU
	EndGlobalSection
	GlobalSection(ProjectConfigurationPlatforms) = postSolution
		{082F7A90-61EC-4FC9-A64D-D48726F02718}.Debug|Any CPU.ActiveCfg = Debug|Any CPU
		{082F7A90-61EC-4FC9-A64D-D48726F02718}.Debug|Any CPU.Build.0 = Debug|Any CPU
		{082F7A90-61EC-4FC9-A64D-D48726F02718}.Release|Any CPU.ActiveCfg = Release|Any CPU
		{082F7A90-61EC-4FC9-A64D-D48726F02718}.Release|Any CPU.Build.0 = Release|Any CPU
		{6223D638-5A9A-4449-B9FD-2EF7F6B233B8}.Debug|Any CPU.ActiveCfg = Debug|Any CPU
		{6223D638-5A9A-4449-B9FD-2EF7F6B233B8}.Debug|Any CPU.Build.0 = Debug|Any CPU
		{6223D638-5A9A-4449-B9FD-2EF7F6B233B8}.Release|Any CPU.ActiveCfg = Release|Any CPU
		{6223D638-5A9A-4449-B9FD-2EF7F6B233B8}.Release|Any CPU.Build.0 = Release|Any CPU
		{4D9F571E-5626-42A6-AAFF-7B4726AF78E2}.Debug|Any CPU.ActiveCfg = Debug|Any CPU
		{4D9F571E-5626-42A6-AAFF-7B4726AF78E2}.Debug|Any CPU.Build.0 = Debug|Any CPU
		{4D9F571E-5626-42A6-AAFF-7B4726AF78E2}.Release|Any CPU.ActiveCfg = Release|Any CPU
		{4D9F571E-5626-42A6-AAFF-7B4726AF78E2}.Release|Any CPU.Build.0 = Release|Any CPU
		{4D4FC435-44ED-4459-A6CD-6EF36E4E1D87}.Debug|Any CPU.ActiveCfg = Debug|Any CPU
		{4D4FC435-44ED-4459-A6CD-6EF36E4E1D87}.Debug|Any CPU.Build.0 = Debug|Any CPU
		{4D4FC435-44ED-4459-A6CD-6EF36E4E1D87}.Release|Any CPU.ActiveCfg = Release|Any CPU
		{4D4FC435-44ED-4459-A6CD-6EF36E4E1D87}.Release|Any CPU.Build.0 = Release|Any CPU
		{78D11D0A-DF11-43FB-ADF5-2895FC8E8714}.Debug|Any CPU.ActiveCfg = Debug|Any CPU
		{78D11D0A-DF11-43FB-ADF5-2895FC8E8714}.Debug|Any CPU.Build.0 = Debug|Any CPU
		{78D11D0A-DF11-43FB-ADF5-2895FC8E8714}.Release|Any CPU.ActiveCfg = Release|Any CPU
		{78D11D0A-DF11-43FB-ADF5-2895FC8E8714}.Release|Any CPU.Build.0 = Release|Any CPU
	EndGlobalSection
	GlobalSection(SolutionProperties) = preSolution
		HideSolutionNode = FALSE
	EndGlobalSection
	GlobalSection(ExtensibilityGlobals) = postSolution
		SolutionGuid = {2E05F2DB-9AB4-41E9-8E60-AA485B5EDDF9}
	EndGlobalSection
EndGlobal
